
Microsoft Visual Studio Solution File, Format Version 12.00
# Visual Studio 15
VisualStudioVersion = 15.0.27703.2035
MinimumVisualStudioVersion = 10.0.40219.1
Project("{8BC9CEB8-8B4A-11D0-8D11-00A0C91BC942}") = "kroatiaAlphbet", "kroatiaAlphbet\kroatiaAlphbet.vcxproj", "{95A14F2C-2A0E-4D75-A1CE-E61D917E50EC}"
EndProject
Global
	GlobalSection(SolutionConfigurationPlatforms) = preSolution
		Debug|x64 = Debug|x64
		Debug|x86 = Debug|x86
		Release|x64 = Release|x64
		Release|x86 = Release|x86
	EndGlobalSection
	GlobalSection(ProjectConfigurationPlatforms) = postSolution
		{95A14F2C-2A0E-4D75-A1CE-E61D917E50EC}.Debug|x64.ActiveCfg = Debug|x64
		{95A14F2C-2A0E-4D75-A1CE-E61D917E50EC}.Debug|x64.Build.0 = Debug|x64
		{95A14F2C-2A0E-4D75-A1CE-E61D917E50EC}.Debug|x86.ActiveCfg = Debug|Win32
		{95A14F2C-2A0E-4D75-A1CE-E61D917E50EC}.Debug|x86.Build.0 = Debug|Win32
		{95A14F2C-2A0E-4D75-A1CE-E61D917E50EC}.Release|x64.ActiveCfg = Release|x64
		{95A14F2C-2A0E-4D75-A1CE-E61D917E50EC}.Release|x64.Build.0 = Release|x64
		{95A14F2C-2A0E-4D75-A1CE-E61D917E50EC}.Release|x86.ActiveCfg = Release|Win32
		{95A14F2C-2A0E-4D75-A1CE-E61D917E50EC}.Release|x86.Build.0 = Release|Win32
	EndGlobalSection
	GlobalSection(SolutionProperties) = preSolution
		HideSolutionNode = FALSE
	EndGlobalSection
	GlobalSection(ExtensibilityGlobals) = postSolution
		SolutionGuid = {CF8D9AB2-8F3D-448A-8AB7-442E322C5C29}
	EndGlobalSection
EndGlobal
