
Microsoft Visual Studio Solution File, Format Version 12.00
# Visual Studio 15
VisualStudioVersion = 15.0.27703.2035
MinimumVisualStudioVersion = 10.0.40219.1
Project("{8BC9CEB8-8B4A-11D0-8D11-00A0C91BC942}") = "primenum", "primenum\primenum.vcxproj", "{2DE8B818-DA50-4846-A1A6-49D4840516E3}"
EndProject
Global
	GlobalSection(SolutionConfigurationPlatforms) = preSolution
		Debug|x64 = Debug|x64
		Debug|x86 = Debug|x86
		Release|x64 = Release|x64
		Release|x86 = Release|x86
	EndGlobalSection
	GlobalSection(ProjectConfigurationPlatforms) = postSolution
		{2DE8B818-DA50-4846-A1A6-49D4840516E3}.Debug|x64.ActiveCfg = Debug|x64
		{2DE8B818-DA50-4846-A1A6-49D4840516E3}.Debug|x64.Build.0 = Debug|x64
		{2DE8B818-DA50-4846-A1A6-49D4840516E3}.Debug|x86.ActiveCfg = Debug|Win32
		{2DE8B818-DA50-4846-A1A6-49D4840516E3}.Debug|x86.Build.0 = Debug|Win32
		{2DE8B818-DA50-4846-A1A6-49D4840516E3}.Release|x64.ActiveCfg = Release|x64
		{2DE8B818-DA50-4846-A1A6-49D4840516E3}.Release|x64.Build.0 = Release|x64
		{2DE8B818-DA50-4846-A1A6-49D4840516E3}.Release|x86.ActiveCfg = Release|Win32
		{2DE8B818-DA50-4846-A1A6-49D4840516E3}.Release|x86.Build.0 = Release|Win32
	EndGlobalSection
	GlobalSection(SolutionProperties) = preSolution
		HideSolutionNode = FALSE
	EndGlobalSection
	GlobalSection(ExtensibilityGlobals) = postSolution
		SolutionGuid = {811658BD-C913-4232-AD41-0EA997249BE1}
	EndGlobalSection
EndGlobal
