
Microsoft Visual Studio Solution File, Format Version 12.00
# Visual Studio 15
VisualStudioVersion = 15.0.27703.2035
MinimumVisualStudioVersion = 10.0.40219.1
Project("{8BC9CEB8-8B4A-11D0-8D11-00A0C91BC942}") = "09-5", "09-5\09-5.vcxproj", "{5C4A277F-20CF-41A4-A8B4-814368F6F381}"
EndProject
Global
	GlobalSection(SolutionConfigurationPlatforms) = preSolution
		Debug|x64 = Debug|x64
		Debug|x86 = Debug|x86
		Release|x64 = Release|x64
		Release|x86 = Release|x86
	EndGlobalSection
	GlobalSection(ProjectConfigurationPlatforms) = postSolution
		{5C4A277F-20CF-41A4-A8B4-814368F6F381}.Debug|x64.ActiveCfg = Debug|x64
		{5C4A277F-20CF-41A4-A8B4-814368F6F381}.Debug|x64.Build.0 = Debug|x64
		{5C4A277F-20CF-41A4-A8B4-814368F6F381}.Debug|x86.ActiveCfg = Debug|Win32
		{5C4A277F-20CF-41A4-A8B4-814368F6F381}.Debug|x86.Build.0 = Debug|Win32
		{5C4A277F-20CF-41A4-A8B4-814368F6F381}.Release|x64.ActiveCfg = Release|x64
		{5C4A277F-20CF-41A4-A8B4-814368F6F381}.Release|x64.Build.0 = Release|x64
		{5C4A277F-20CF-41A4-A8B4-814368F6F381}.Release|x86.ActiveCfg = Release|Win32
		{5C4A277F-20CF-41A4-A8B4-814368F6F381}.Release|x86.Build.0 = Release|Win32
	EndGlobalSection
	GlobalSection(SolutionProperties) = preSolution
		HideSolutionNode = FALSE
	EndGlobalSection
	GlobalSection(ExtensibilityGlobals) = postSolution
		SolutionGuid = {7EF5D6DE-07D6-40F0-B4C0-12B4A78A69A2}
	EndGlobalSection
EndGlobal
